// !$*UTF8*$!
{
	archiveVersion = 1;
	classes = {
	};
	objectVersion = 54;
	objects = {

/* Begin PBXBuildFile section */
		F90A63DE29EBE37E00997DFC /* GFItemInfoView.swift in Sources */ = {isa = PBXBuildFile; fileRef = F90A63DD29EBE37E00997DFC /* GFItemInfoView.swift */; };
		F90A63E029EBE93000997DFC /* GFItemInfoVC.swift in Sources */ = {isa = PBXBuildFile; fileRef = F90A63DF29EBE93000997DFC /* GFItemInfoVC.swift */; };
		F90A63E229EBEC0D00997DFC /* GFRepoItemVC.swift in Sources */ = {isa = PBXBuildFile; fileRef = F90A63E129EBEC0D00997DFC /* GFRepoItemVC.swift */; };
		F90A63E429EBF4C800997DFC /* GFFollowerItemVC.swift in Sources */ = {isa = PBXBuildFile; fileRef = F90A63E329EBF4C800997DFC /* GFFollowerItemVC.swift */; };
		F918182629E56CD1000E03E2 /* FollowerListVC.swift in Sources */ = {isa = PBXBuildFile; fileRef = F918182529E56CD1000E03E2 /* FollowerListVC.swift */; };
		F918182829E57647000E03E2 /* GFTitleLabel.swift in Sources */ = {isa = PBXBuildFile; fileRef = F918182729E57647000E03E2 /* GFTitleLabel.swift */; };
		F918182A29E57899000E03E2 /* GFBodyLabel.swift in Sources */ = {isa = PBXBuildFile; fileRef = F918182929E57899000E03E2 /* GFBodyLabel.swift */; };
		F918182C29E579B8000E03E2 /* GFAlertVC.swift in Sources */ = {isa = PBXBuildFile; fileRef = F918182B29E579B8000E03E2 /* GFAlertVC.swift */; };
		F918182E29E5802D000E03E2 /* UIViewController+Ext.swift in Sources */ = {isa = PBXBuildFile; fileRef = F918182D29E5802D000E03E2 /* UIViewController+Ext.swift */; };
		F918183629E5994D000E03E2 /* Follower.swift in Sources */ = {isa = PBXBuildFile; fileRef = F918183529E5994D000E03E2 /* Follower.swift */; };
		F918183829E59A09000E03E2 /* User.swift in Sources */ = {isa = PBXBuildFile; fileRef = F918183729E59A09000E03E2 /* User.swift */; };
		F9272FD329EAA42C00C1FA60 /* GFEmptyStateView.swift in Sources */ = {isa = PBXBuildFile; fileRef = F9272FD229EAA42C00C1FA60 /* GFEmptyStateView.swift */; };
		F9272FD529EAB1AC00C1FA60 /* UserInfoVC.swift in Sources */ = {isa = PBXBuildFile; fileRef = F9272FD429EAB1AC00C1FA60 /* UserInfoVC.swift */; };
		F932154429EABC3E00374B3B /* GFError.swift in Sources */ = {isa = PBXBuildFile; fileRef = F932154329EABC3E00374B3B /* GFError.swift */; };
		F952825029ED898900D1F1D5 /* PersistenceManager.swift in Sources */ = {isa = PBXBuildFile; fileRef = F952824F29ED898900D1F1D5 /* PersistenceManager.swift */; };
		F952825229ED95D300D1F1D5 /* FavoriteCell.swift in Sources */ = {isa = PBXBuildFile; fileRef = F952825129ED95D300D1F1D5 /* FavoriteCell.swift */; };
		F956F81D29F36CED0037779A /* GFTabBarController.swift in Sources */ = {isa = PBXBuildFile; fileRef = F956F81C29F36CED0037779A /* GFTabBarController.swift */; };
		F956F81F29F376F80037779A /* GFAlertContainerView.swift in Sources */ = {isa = PBXBuildFile; fileRef = F956F81E29F376F80037779A /* GFAlertContainerView.swift */; };
		F956F82129F37DBB0037779A /* GFDataLoadingVC.swift in Sources */ = {isa = PBXBuildFile; fileRef = F956F82029F37DBB0037779A /* GFDataLoadingVC.swift */; };
		F956F82329F38B670037779A /* UIView+ext.swift in Sources */ = {isa = PBXBuildFile; fileRef = F956F82229F38B670037779A /* UIView+ext.swift */; };
		F956F82529F3ECF70037779A /* UITableView+Ext.swift in Sources */ = {isa = PBXBuildFile; fileRef = F956F82429F3ECF70037779A /* UITableView+Ext.swift */; };
		F9616A3029E2D95A00FC1616 /* AppDelegate.swift in Sources */ = {isa = PBXBuildFile; fileRef = F9616A2F29E2D95A00FC1616 /* AppDelegate.swift */; };
		F9616A3229E2D95A00FC1616 /* SceneDelegate.swift in Sources */ = {isa = PBXBuildFile; fileRef = F9616A3129E2D95A00FC1616 /* SceneDelegate.swift */; };
		F9616A3929E2D95A00FC1616 /* Assets.xcassets in Resources */ = {isa = PBXBuildFile; fileRef = F9616A3829E2D95A00FC1616 /* Assets.xcassets */; };
		F9616A3C29E2D95A00FC1616 /* LaunchScreen.storyboard in Resources */ = {isa = PBXBuildFile; fileRef = F9616A3A29E2D95A00FC1616 /* LaunchScreen.storyboard */; };
		F9616A4429E2E02300FC1616 /* SearchVC.swift in Sources */ = {isa = PBXBuildFile; fileRef = F9616A4329E2E02300FC1616 /* SearchVC.swift */; };
		F9616A4629E2E05600FC1616 /* FavoritesListVC.swift in Sources */ = {isa = PBXBuildFile; fileRef = F9616A4529E2E05600FC1616 /* FavoritesListVC.swift */; };
		F97458D629E643C100228C6A /* NetworkManager.swift in Sources */ = {isa = PBXBuildFile; fileRef = F97458D529E643C100228C6A /* NetworkManager.swift */; };
		F977670E29E982CA00191BD0 /* UIHelper.swift in Sources */ = {isa = PBXBuildFile; fileRef = F977670D29E982CA00191BD0 /* UIHelper.swift */; };
		F979986029EC140800E20623 /* Date+Ext.swift in Sources */ = {isa = PBXBuildFile; fileRef = F979985F29EC140800E20623 /* Date+Ext.swift */; };
		F979986229EC142E00E20623 /* String+Ext.swift in Sources */ = {isa = PBXBuildFile; fileRef = F979986129EC142E00E20623 /* String+Ext.swift */; };
		F97CD9D429EBA9C9008A8BA0 /* GFUserInfoHeaderVC.swift in Sources */ = {isa = PBXBuildFile; fileRef = F97CD9D329EBA9C9008A8BA0 /* GFUserInfoHeaderVC.swift */; };
		F97CD9D629EBAA2F008A8BA0 /* GFSecondaryTitleLabel.swift in Sources */ = {isa = PBXBuildFile; fileRef = F97CD9D529EBAA2F008A8BA0 /* GFSecondaryTitleLabel.swift */; };
		F97CD9D829EBB1B2008A8BA0 /* Constants.swift in Sources */ = {isa = PBXBuildFile; fileRef = F97CD9D729EBB1B2008A8BA0 /* Constants.swift */; };
		F99F623929F652B40088465E /* FollowerView.swift in Sources */ = {isa = PBXBuildFile; fileRef = F99F623829F652B40088465E /* FollowerView.swift */; };
		F9ADA42929E2F0680060EC63 /* GFButton.swift in Sources */ = {isa = PBXBuildFile; fileRef = F9ADA42829E2F0680060EC63 /* GFButton.swift */; };
		F9ADA42B29E2F36F0060EC63 /* GFTextField.swift in Sources */ = {isa = PBXBuildFile; fileRef = F9ADA42A29E2F36F0060EC63 /* GFTextField.swift */; };
		F9F65E3429E95EB6007C48D3 /* FollowerCell.swift in Sources */ = {isa = PBXBuildFile; fileRef = F9F65E3329E95EB6007C48D3 /* FollowerCell.swift */; };
		F9F65E3629E95FE5007C48D3 /* GFAvatarImageView.swift in Sources */ = {isa = PBXBuildFile; fileRef = F9F65E3529E95FE5007C48D3 /* GFAvatarImageView.swift */; };
/* End PBXBuildFile section */

/* Begin PBXFileReference section */
		F90A63DD29EBE37E00997DFC /* GFItemInfoView.swift */ = {isa = PBXFileReference; lastKnownFileType = sourcecode.swift; path = GFItemInfoView.swift; sourceTree = "<group>"; };
		F90A63DF29EBE93000997DFC /* GFItemInfoVC.swift */ = {isa = PBXFileReference; lastKnownFileType = sourcecode.swift; path = GFItemInfoVC.swift; sourceTree = "<group>"; };
		F90A63E129EBEC0D00997DFC /* GFRepoItemVC.swift */ = {isa = PBXFileReference; lastKnownFileType = sourcecode.swift; path = GFRepoItemVC.swift; sourceTree = "<group>"; };
		F90A63E329EBF4C800997DFC /* GFFollowerItemVC.swift */ = {isa = PBXFileReference; lastKnownFileType = sourcecode.swift; path = GFFollowerItemVC.swift; sourceTree = "<group>"; };
		F918182529E56CD1000E03E2 /* FollowerListVC.swift */ = {isa = PBXFileReference; lastKnownFileType = sourcecode.swift; path = FollowerListVC.swift; sourceTree = "<group>"; };
		F918182729E57647000E03E2 /* GFTitleLabel.swift */ = {isa = PBXFileReference; lastKnownFileType = sourcecode.swift; path = GFTitleLabel.swift; sourceTree = "<group>"; };
		F918182929E57899000E03E2 /* GFBodyLabel.swift */ = {isa = PBXFileReference; lastKnownFileType = sourcecode.swift; path = GFBodyLabel.swift; sourceTree = "<group>"; };
		F918182B29E579B8000E03E2 /* GFAlertVC.swift */ = {isa = PBXFileReference; lastKnownFileType = sourcecode.swift; path = GFAlertVC.swift; sourceTree = "<group>"; };
		F918182D29E5802D000E03E2 /* UIViewController+Ext.swift */ = {isa = PBXFileReference; lastKnownFileType = sourcecode.swift; path = "UIViewController+Ext.swift"; sourceTree = "<group>"; };
		F918183529E5994D000E03E2 /* Follower.swift */ = {isa = PBXFileReference; lastKnownFileType = sourcecode.swift; path = Follower.swift; sourceTree = "<group>"; };
		F918183729E59A09000E03E2 /* User.swift */ = {isa = PBXFileReference; lastKnownFileType = sourcecode.swift; path = User.swift; sourceTree = "<group>"; };
		F9272FD229EAA42C00C1FA60 /* GFEmptyStateView.swift */ = {isa = PBXFileReference; lastKnownFileType = sourcecode.swift; path = GFEmptyStateView.swift; sourceTree = "<group>"; };
		F9272FD429EAB1AC00C1FA60 /* UserInfoVC.swift */ = {isa = PBXFileReference; lastKnownFileType = sourcecode.swift; path = UserInfoVC.swift; sourceTree = "<group>"; };
		F932154329EABC3E00374B3B /* GFError.swift */ = {isa = PBXFileReference; lastKnownFileType = sourcecode.swift; path = GFError.swift; sourceTree = "<group>"; };
		F952824F29ED898900D1F1D5 /* PersistenceManager.swift */ = {isa = PBXFileReference; lastKnownFileType = sourcecode.swift; path = PersistenceManager.swift; sourceTree = "<group>"; };
		F952825129ED95D300D1F1D5 /* FavoriteCell.swift */ = {isa = PBXFileReference; lastKnownFileType = sourcecode.swift; path = FavoriteCell.swift; sourceTree = "<group>"; };
		F956F81C29F36CED0037779A /* GFTabBarController.swift */ = {isa = PBXFileReference; lastKnownFileType = sourcecode.swift; path = GFTabBarController.swift; sourceTree = "<group>"; };
		F956F81E29F376F80037779A /* GFAlertContainerView.swift */ = {isa = PBXFileReference; lastKnownFileType = sourcecode.swift; path = GFAlertContainerView.swift; sourceTree = "<group>"; };
		F956F82029F37DBB0037779A /* GFDataLoadingVC.swift */ = {isa = PBXFileReference; lastKnownFileType = sourcecode.swift; path = GFDataLoadingVC.swift; sourceTree = "<group>"; };
		F956F82229F38B670037779A /* UIView+ext.swift */ = {isa = PBXFileReference; lastKnownFileType = sourcecode.swift; path = "UIView+ext.swift"; sourceTree = "<group>"; };
		F956F82429F3ECF70037779A /* UITableView+Ext.swift */ = {isa = PBXFileReference; lastKnownFileType = sourcecode.swift; path = "UITableView+Ext.swift"; sourceTree = "<group>"; };
		F9616A2C29E2D95A00FC1616 /* GHFollowers.app */ = {isa = PBXFileReference; explicitFileType = wrapper.application; includeInIndex = 0; path = GHFollowers.app; sourceTree = BUILT_PRODUCTS_DIR; };
		F9616A2F29E2D95A00FC1616 /* AppDelegate.swift */ = {isa = PBXFileReference; lastKnownFileType = sourcecode.swift; path = AppDelegate.swift; sourceTree = "<group>"; };
		F9616A3129E2D95A00FC1616 /* SceneDelegate.swift */ = {isa = PBXFileReference; lastKnownFileType = sourcecode.swift; path = SceneDelegate.swift; sourceTree = "<group>"; };
		F9616A3829E2D95A00FC1616 /* Assets.xcassets */ = {isa = PBXFileReference; lastKnownFileType = folder.assetcatalog; path = Assets.xcassets; sourceTree = "<group>"; };
		F9616A3B29E2D95A00FC1616 /* Base */ = {isa = PBXFileReference; lastKnownFileType = file.storyboard; name = Base; path = Base.lproj/LaunchScreen.storyboard; sourceTree = "<group>"; };
		F9616A3D29E2D95A00FC1616 /* Info.plist */ = {isa = PBXFileReference; lastKnownFileType = text.plist.xml; path = Info.plist; sourceTree = "<group>"; };
		F9616A4329E2E02300FC1616 /* SearchVC.swift */ = {isa = PBXFileReference; lastKnownFileType = sourcecode.swift; path = SearchVC.swift; sourceTree = "<group>"; };
		F9616A4529E2E05600FC1616 /* FavoritesListVC.swift */ = {isa = PBXFileReference; lastKnownFileType = sourcecode.swift; path = FavoritesListVC.swift; sourceTree = "<group>"; };
		F97458D529E643C100228C6A /* NetworkManager.swift */ = {isa = PBXFileReference; lastKnownFileType = sourcecode.swift; path = NetworkManager.swift; sourceTree = "<group>"; };
		F977670D29E982CA00191BD0 /* UIHelper.swift */ = {isa = PBXFileReference; lastKnownFileType = sourcecode.swift; path = UIHelper.swift; sourceTree = "<group>"; };
		F979985F29EC140800E20623 /* Date+Ext.swift */ = {isa = PBXFileReference; lastKnownFileType = sourcecode.swift; path = "Date+Ext.swift"; sourceTree = "<group>"; };
		F979986129EC142E00E20623 /* String+Ext.swift */ = {isa = PBXFileReference; lastKnownFileType = sourcecode.swift; path = "String+Ext.swift"; sourceTree = "<group>"; };
		F97CD9D329EBA9C9008A8BA0 /* GFUserInfoHeaderVC.swift */ = {isa = PBXFileReference; lastKnownFileType = sourcecode.swift; path = GFUserInfoHeaderVC.swift; sourceTree = "<group>"; };
		F97CD9D529EBAA2F008A8BA0 /* GFSecondaryTitleLabel.swift */ = {isa = PBXFileReference; lastKnownFileType = sourcecode.swift; path = GFSecondaryTitleLabel.swift; sourceTree = "<group>"; };
		F97CD9D729EBB1B2008A8BA0 /* Constants.swift */ = {isa = PBXFileReference; lastKnownFileType = sourcecode.swift; path = Constants.swift; sourceTree = "<group>"; };
		F99F623829F652B40088465E /* FollowerView.swift */ = {isa = PBXFileReference; lastKnownFileType = sourcecode.swift; path = FollowerView.swift; sourceTree = "<group>"; };
		F9ADA42829E2F0680060EC63 /* GFButton.swift */ = {isa = PBXFileReference; lastKnownFileType = sourcecode.swift; path = GFButton.swift; sourceTree = "<group>"; };
		F9ADA42A29E2F36F0060EC63 /* GFTextField.swift */ = {isa = PBXFileReference; lastKnownFileType = sourcecode.swift; path = GFTextField.swift; sourceTree = "<group>"; };
		F9F65E3329E95EB6007C48D3 /* FollowerCell.swift */ = {isa = PBXFileReference; lastKnownFileType = sourcecode.swift; path = FollowerCell.swift; sourceTree = "<group>"; };
		F9F65E3529E95FE5007C48D3 /* GFAvatarImageView.swift */ = {isa = PBXFileReference; lastKnownFileType = sourcecode.swift; path = GFAvatarImageView.swift; sourceTree = "<group>"; };
/* End PBXFileReference section */

/* Begin PBXFrameworksBuildPhase section */
		F9616A2929E2D95A00FC1616 /* Frameworks */ = {
			isa = PBXFrameworksBuildPhase;
			buildActionMask = 2147483647;
			files = (
			);
			runOnlyForDeploymentPostprocessing = 0;
		};
/* End PBXFrameworksBuildPhase section */

/* Begin PBXGroup section */
		F90A63E529EBF51E00997DFC /* ItemInfoVCs */ = {
			isa = PBXGroup;
			children = (
				F90A63DF29EBE93000997DFC /* GFItemInfoVC.swift */,
				F90A63E129EBEC0D00997DFC /* GFRepoItemVC.swift */,
				F90A63E329EBF4C800997DFC /* GFFollowerItemVC.swift */,
			);
			path = ItemInfoVCs;
			sourceTree = "<group>";
		};
		F918182F29E58327000E03E2 /* Screens */ = {
			isa = PBXGroup;
			children = (
				F9616A4329E2E02300FC1616 /* SearchVC.swift */,
				F9616A4529E2E05600FC1616 /* FavoritesListVC.swift */,
				F918182529E56CD1000E03E2 /* FollowerListVC.swift */,
				F9272FD429EAB1AC00C1FA60 /* UserInfoVC.swift */,
			);
			path = Screens;
			sourceTree = "<group>";
		};
		F918183029E5837B000E03E2 /* Custom Views */ = {
			isa = PBXGroup;
			children = (
				F956F81B29F36CCD0037779A /* TabBarControllers */,
				F9272FD129EAA39500C1FA60 /* Labels */,
				F9272FD029EAA37900C1FA60 /* ViewControllers */,
				F9272FCF29EAA36900C1FA60 /* ImageViews */,
				F9272FCE29EAA35900C1FA60 /* TextFields */,
				F9272FCD29EAA35100C1FA60 /* Buttons */,
				F9272FCC29EAA34700C1FA60 /* Views */,
				F9F65E3229E95E80007C48D3 /* Cells */,
			);
			path = "Custom Views";
			sourceTree = "<group>";
		};
		F918183229E58425000E03E2 /* Extensions */ = {
			isa = PBXGroup;
			children = (
				F918182D29E5802D000E03E2 /* UIViewController+Ext.swift */,
				F979985F29EC140800E20623 /* Date+Ext.swift */,
				F979986129EC142E00E20623 /* String+Ext.swift */,
				F956F82229F38B670037779A /* UIView+ext.swift */,
				F956F82429F3ECF70037779A /* UITableView+Ext.swift */,
			);
			path = Extensions;
			sourceTree = "<group>";
		};
		F918183329E58469000E03E2 /* Support */ = {
			isa = PBXGroup;
			children = (
				F9616A2F29E2D95A00FC1616 /* AppDelegate.swift */,
				F9616A3129E2D95A00FC1616 /* SceneDelegate.swift */,
				F9616A3829E2D95A00FC1616 /* Assets.xcassets */,
				F9616A3A29E2D95A00FC1616 /* LaunchScreen.storyboard */,
			);
			path = Support;
			sourceTree = "<group>";
		};
		F918183429E59932000E03E2 /* Model */ = {
			isa = PBXGroup;
			children = (
				F918183529E5994D000E03E2 /* Follower.swift */,
				F918183729E59A09000E03E2 /* User.swift */,
			);
			path = Model;
			sourceTree = "<group>";
		};
		F9272FCC29EAA34700C1FA60 /* Views */ = {
			isa = PBXGroup;
			children = (
				F9272FD229EAA42C00C1FA60 /* GFEmptyStateView.swift */,
				F90A63DD29EBE37E00997DFC /* GFItemInfoView.swift */,
				F956F81E29F376F80037779A /* GFAlertContainerView.swift */,
			);
			path = Views;
			sourceTree = "<group>";
		};
		F9272FCD29EAA35100C1FA60 /* Buttons */ = {
			isa = PBXGroup;
			children = (
				F9ADA42829E2F0680060EC63 /* GFButton.swift */,
			);
			path = Buttons;
			sourceTree = "<group>";
		};
		F9272FCE29EAA35900C1FA60 /* TextFields */ = {
			isa = PBXGroup;
			children = (
				F9ADA42A29E2F36F0060EC63 /* GFTextField.swift */,
			);
			path = TextFields;
			sourceTree = "<group>";
		};
		F9272FCF29EAA36900C1FA60 /* ImageViews */ = {
			isa = PBXGroup;
			children = (
				F9F65E3529E95FE5007C48D3 /* GFAvatarImageView.swift */,
			);
			path = ImageViews;
			sourceTree = "<group>";
		};
		F9272FD029EAA37900C1FA60 /* ViewControllers */ = {
			isa = PBXGroup;
			children = (
				F90A63E529EBF51E00997DFC /* ItemInfoVCs */,
				F918182B29E579B8000E03E2 /* GFAlertVC.swift */,
				F97CD9D329EBA9C9008A8BA0 /* GFUserInfoHeaderVC.swift */,
				F956F82029F37DBB0037779A /* GFDataLoadingVC.swift */,
			);
			path = ViewControllers;
			sourceTree = "<group>";
		};
		F9272FD129EAA39500C1FA60 /* Labels */ = {
			isa = PBXGroup;
			children = (
				F918182929E57899000E03E2 /* GFBodyLabel.swift */,
				F918182729E57647000E03E2 /* GFTitleLabel.swift */,
				F97CD9D529EBAA2F008A8BA0 /* GFSecondaryTitleLabel.swift */,
			);
			path = Labels;
			sourceTree = "<group>";
		};
		F956F81B29F36CCD0037779A /* TabBarControllers */ = {
			isa = PBXGroup;
			children = (
				F956F81C29F36CED0037779A /* GFTabBarController.swift */,
			);
			path = TabBarControllers;
			sourceTree = "<group>";
		};
		F9616A2329E2D95A00FC1616 = {
			isa = PBXGroup;
			children = (
				F9616A2E29E2D95A00FC1616 /* GHFollowers */,
				F9616A2D29E2D95A00FC1616 /* Products */,
			);
			sourceTree = "<group>";
		};
		F9616A2D29E2D95A00FC1616 /* Products */ = {
			isa = PBXGroup;
			children = (
				F9616A2C29E2D95A00FC1616 /* GHFollowers.app */,
			);
			name = Products;
			sourceTree = "<group>";
		};
		F9616A2E29E2D95A00FC1616 /* GHFollowers */ = {
			isa = PBXGroup;
			children = (
				F980D59A29E6949800DE5B4E /* Utilities */,
				F97458D429E643AA00228C6A /* Managers */,
				F9616A3D29E2D95A00FC1616 /* Info.plist */,
				F918183229E58425000E03E2 /* Extensions */,
				F918183429E59932000E03E2 /* Model */,
				F918183329E58469000E03E2 /* Support */,
				F918183029E5837B000E03E2 /* Custom Views */,
				F918182F29E58327000E03E2 /* Screens */,
			);
			path = GHFollowers;
			sourceTree = "<group>";
		};
		F97458D429E643AA00228C6A /* Managers */ = {
			isa = PBXGroup;
			children = (
				F97458D529E643C100228C6A /* NetworkManager.swift */,
				F952824F29ED898900D1F1D5 /* PersistenceManager.swift */,
			);
			path = Managers;
			sourceTree = "<group>";
		};
		F980D59A29E6949800DE5B4E /* Utilities */ = {
			isa = PBXGroup;
			children = (
				F977670D29E982CA00191BD0 /* UIHelper.swift */,
				F932154329EABC3E00374B3B /* GFError.swift */,
				F97CD9D729EBB1B2008A8BA0 /* Constants.swift */,
			);
			path = Utilities;
			sourceTree = "<group>";
		};
		F99F623729F6528C0088465E /* FollowerCell */ = {
			isa = PBXGroup;
			children = (
				F9F65E3329E95EB6007C48D3 /* FollowerCell.swift */,
				F99F623829F652B40088465E /* FollowerView.swift */,
			);
			path = FollowerCell;
			sourceTree = "<group>";
		};
		F9F65E3229E95E80007C48D3 /* Cells */ = {
			isa = PBXGroup;
			children = (
				F99F623729F6528C0088465E /* FollowerCell */,
				F952825129ED95D300D1F1D5 /* FavoriteCell.swift */,
			);
			path = Cells;
			sourceTree = "<group>";
		};
/* End PBXGroup section */

/* Begin PBXNativeTarget section */
		F9616A2B29E2D95A00FC1616 /* GHFollowers */ = {
			isa = PBXNativeTarget;
			buildConfigurationList = F9616A4029E2D95A00FC1616 /* Build configuration list for PBXNativeTarget "GHFollowers" */;
			buildPhases = (
				F9616A2829E2D95A00FC1616 /* Sources */,
				F9616A2929E2D95A00FC1616 /* Frameworks */,
				F9616A2A29E2D95A00FC1616 /* Resources */,
			);
			buildRules = (
			);
			dependencies = (
			);
			name = GHFollowers;
			productName = GHFollowers;
			productReference = F9616A2C29E2D95A00FC1616 /* GHFollowers.app */;
			productType = "com.apple.product-type.application";
		};
/* End PBXNativeTarget section */

/* Begin PBXProject section */
		F9616A2429E2D95A00FC1616 /* Project object */ = {
			isa = PBXProject;
			attributes = {
				BuildIndependentTargetsInParallel = 1;
				LastSwiftUpdateCheck = 1420;
				LastUpgradeCheck = 1420;
				TargetAttributes = {
					F9616A2B29E2D95A00FC1616 = {
						CreatedOnToolsVersion = 14.2;
					};
				};
			};
			buildConfigurationList = F9616A2729E2D95A00FC1616 /* Build configuration list for PBXProject "GHFollowers" */;
			compatibilityVersion = "Xcode 12.0";
			developmentRegion = en;
			hasScannedForEncodings = 0;
			knownRegions = (
				en,
				Base,
			);
			mainGroup = F9616A2329E2D95A00FC1616;
			productRefGroup = F9616A2D29E2D95A00FC1616 /* Products */;
			projectDirPath = "";
			projectRoot = "";
			targets = (
				F9616A2B29E2D95A00FC1616 /* GHFollowers */,
			);
		};
/* End PBXProject section */

/* Begin PBXResourcesBuildPhase section */
		F9616A2A29E2D95A00FC1616 /* Resources */ = {
			isa = PBXResourcesBuildPhase;
			buildActionMask = 2147483647;
			files = (
				F9616A3C29E2D95A00FC1616 /* LaunchScreen.storyboard in Resources */,
				F9616A3929E2D95A00FC1616 /* Assets.xcassets in Resources */,
			);
			runOnlyForDeploymentPostprocessing = 0;
		};
/* End PBXResourcesBuildPhase section */

/* Begin PBXSourcesBuildPhase section */
		F9616A2829E2D95A00FC1616 /* Sources */ = {
			isa = PBXSourcesBuildPhase;
			buildActionMask = 2147483647;
			files = (
				F99F623929F652B40088465E /* FollowerView.swift in Sources */,
				F918183829E59A09000E03E2 /* User.swift in Sources */,
				F9ADA42B29E2F36F0060EC63 /* GFTextField.swift in Sources */,
				F9616A4629E2E05600FC1616 /* FavoritesListVC.swift in Sources */,
				F979986229EC142E00E20623 /* String+Ext.swift in Sources */,
				F9ADA42929E2F0680060EC63 /* GFButton.swift in Sources */,
				F918182E29E5802D000E03E2 /* UIViewController+Ext.swift in Sources */,
				F956F82129F37DBB0037779A /* GFDataLoadingVC.swift in Sources */,
				F977670E29E982CA00191BD0 /* UIHelper.swift in Sources */,
				F90A63E029EBE93000997DFC /* GFItemInfoVC.swift in Sources */,
				F97CD9D829EBB1B2008A8BA0 /* Constants.swift in Sources */,
				F9F65E3629E95FE5007C48D3 /* GFAvatarImageView.swift in Sources */,
				F9616A4429E2E02300FC1616 /* SearchVC.swift in Sources */,
				F918182C29E579B8000E03E2 /* GFAlertVC.swift in Sources */,
				F90A63E429EBF4C800997DFC /* GFFollowerItemVC.swift in Sources */,
				F90A63DE29EBE37E00997DFC /* GFItemInfoView.swift in Sources */,
				F952825229ED95D300D1F1D5 /* FavoriteCell.swift in Sources */,
				F9F65E3429E95EB6007C48D3 /* FollowerCell.swift in Sources */,
				F956F81D29F36CED0037779A /* GFTabBarController.swift in Sources */,
				F918182A29E57899000E03E2 /* GFBodyLabel.swift in Sources */,
				F97CD9D429EBA9C9008A8BA0 /* GFUserInfoHeaderVC.swift in Sources */,
				F932154429EABC3E00374B3B /* GFError.swift in Sources */,
				F956F82529F3ECF70037779A /* UITableView+Ext.swift in Sources */,
				F918183629E5994D000E03E2 /* Follower.swift in Sources */,
				F956F81F29F376F80037779A /* GFAlertContainerView.swift in Sources */,
				F918182829E57647000E03E2 /* GFTitleLabel.swift in Sources */,
				F956F82329F38B670037779A /* UIView+ext.swift in Sources */,
				F979986029EC140800E20623 /* Date+Ext.swift in Sources */,
				F952825029ED898900D1F1D5 /* PersistenceManager.swift in Sources */,
				F97CD9D629EBAA2F008A8BA0 /* GFSecondaryTitleLabel.swift in Sources */,
				F9272FD329EAA42C00C1FA60 /* GFEmptyStateView.swift in Sources */,
				F97458D629E643C100228C6A /* NetworkManager.swift in Sources */,
				F918182629E56CD1000E03E2 /* FollowerListVC.swift in Sources */,
				F9616A3029E2D95A00FC1616 /* AppDelegate.swift in Sources */,
				F9616A3229E2D95A00FC1616 /* SceneDelegate.swift in Sources */,
				F90A63E229EBEC0D00997DFC /* GFRepoItemVC.swift in Sources */,
				F9272FD529EAB1AC00C1FA60 /* UserInfoVC.swift in Sources */,
			);
			runOnlyForDeploymentPostprocessing = 0;
		};
/* End PBXSourcesBuildPhase section */

/* Begin PBXVariantGroup section */
		F9616A3A29E2D95A00FC1616 /* LaunchScreen.storyboard */ = {
			isa = PBXVariantGroup;
			children = (
				F9616A3B29E2D95A00FC1616 /* Base */,
			);
			name = LaunchScreen.storyboard;
			sourceTree = "<group>";
		};
/* End PBXVariantGroup section */

/* Begin XCBuildConfiguration section */
		F9616A3E29E2D95A00FC1616 /* Debug */ = {
			isa = XCBuildConfiguration;
			buildSettings = {
				ALWAYS_SEARCH_USER_PATHS = NO;
				CLANG_ANALYZER_NONNULL = YES;
				CLANG_ANALYZER_NUMBER_OBJECT_CONVERSION = YES_AGGRESSIVE;
				CLANG_CXX_LANGUAGE_STANDARD = "gnu++20";
				CLANG_ENABLE_MODULES = YES;
				CLANG_ENABLE_OBJC_ARC = YES;
				CLANG_ENABLE_OBJC_WEAK = YES;
				CLANG_WARN_BLOCK_CAPTURE_AUTORELEASING = YES;
				CLANG_WARN_BOOL_CONVERSION = YES;
				CLANG_WARN_COMMA = YES;
				CLANG_WARN_CONSTANT_CONVERSION = YES;
				CLANG_WARN_DEPRECATED_OBJC_IMPLEMENTATIONS = YES;
				CLANG_WARN_DIRECT_OBJC_ISA_USAGE = YES_ERROR;
				CLANG_WARN_DOCUMENTATION_COMMENTS = YES;
				CLANG_WARN_EMPTY_BODY = YES;
				CLANG_WARN_ENUM_CONVERSION = YES;
				CLANG_WARN_INFINITE_RECURSION = YES;
				CLANG_WARN_INT_CONVERSION = YES;
				CLANG_WARN_NON_LITERAL_NULL_CONVERSION = YES;
				CLANG_WARN_OBJC_IMPLICIT_RETAIN_SELF = YES;
				CLANG_WARN_OBJC_LITERAL_CONVERSION = YES;
				CLANG_WARN_OBJC_ROOT_CLASS = YES_ERROR;
				CLANG_WARN_QUOTED_INCLUDE_IN_FRAMEWORK_HEADER = YES;
				CLANG_WARN_RANGE_LOOP_ANALYSIS = YES;
				CLANG_WARN_STRICT_PROTOTYPES = YES;
				CLANG_WARN_SUSPICIOUS_MOVE = YES;
				CLANG_WARN_UNGUARDED_AVAILABILITY = YES_AGGRESSIVE;
				CLANG_WARN_UNREACHABLE_CODE = YES;
				CLANG_WARN__DUPLICATE_METHOD_MATCH = YES;
				COPY_PHASE_STRIP = NO;
				DEBUG_INFORMATION_FORMAT = dwarf;
				ENABLE_STRICT_OBJC_MSGSEND = YES;
				ENABLE_TESTABILITY = YES;
				GCC_C_LANGUAGE_STANDARD = gnu11;
				GCC_DYNAMIC_NO_PIC = NO;
				GCC_NO_COMMON_BLOCKS = YES;
				GCC_OPTIMIZATION_LEVEL = 0;
				GCC_PREPROCESSOR_DEFINITIONS = (
					"DEBUG=1",
					"$(inherited)",
				);
				GCC_WARN_64_TO_32_BIT_CONVERSION = YES;
				GCC_WARN_ABOUT_RETURN_TYPE = YES_ERROR;
				GCC_WARN_UNDECLARED_SELECTOR = YES;
				GCC_WARN_UNINITIALIZED_AUTOS = YES_AGGRESSIVE;
				GCC_WARN_UNUSED_FUNCTION = YES;
				GCC_WARN_UNUSED_VARIABLE = YES;
				IPHONEOS_DEPLOYMENT_TARGET = 15.0;
				MTL_ENABLE_DEBUG_INFO = INCLUDE_SOURCE;
				MTL_FAST_MATH = YES;
				ONLY_ACTIVE_ARCH = YES;
				SDKROOT = iphoneos;
				SWIFT_ACTIVE_COMPILATION_CONDITIONS = DEBUG;
				SWIFT_OPTIMIZATION_LEVEL = "-Onone";
			};
			name = Debug;
		};
		F9616A3F29E2D95A00FC1616 /* Release */ = {
			isa = XCBuildConfiguration;
			buildSettings = {
				ALWAYS_SEARCH_USER_PATHS = NO;
				CLANG_ANALYZER_NONNULL = YES;
				CLANG_ANALYZER_NUMBER_OBJECT_CONVERSION = YES_AGGRESSIVE;
				CLANG_CXX_LANGUAGE_STANDARD = "gnu++20";
				CLANG_ENABLE_MODULES = YES;
				CLANG_ENABLE_OBJC_ARC = YES;
				CLANG_ENABLE_OBJC_WEAK = YES;
				CLANG_WARN_BLOCK_CAPTURE_AUTORELEASING = YES;
				CLANG_WARN_BOOL_CONVERSION = YES;
				CLANG_WARN_COMMA = YES;
				CLANG_WARN_CONSTANT_CONVERSION = YES;
				CLANG_WARN_DEPRECATED_OBJC_IMPLEMENTATIONS = YES;
				CLANG_WARN_DIRECT_OBJC_ISA_USAGE = YES_ERROR;
				CLANG_WARN_DOCUMENTATION_COMMENTS = YES;
				CLANG_WARN_EMPTY_BODY = YES;
				CLANG_WARN_ENUM_CONVERSION = YES;
				CLANG_WARN_INFINITE_RECURSION = YES;
				CLANG_WARN_INT_CONVERSION = YES;
				CLANG_WARN_NON_LITERAL_NULL_CONVERSION = YES;
				CLANG_WARN_OBJC_IMPLICIT_RETAIN_SELF = YES;
				CLANG_WARN_OBJC_LITERAL_CONVERSION = YES;
				CLANG_WARN_OBJC_ROOT_CLASS = YES_ERROR;
				CLANG_WARN_QUOTED_INCLUDE_IN_FRAMEWORK_HEADER = YES;
				CLANG_WARN_RANGE_LOOP_ANALYSIS = YES;
				CLANG_WARN_STRICT_PROTOTYPES = YES;
				CLANG_WARN_SUSPICIOUS_MOVE = YES;
				CLANG_WARN_UNGUARDED_AVAILABILITY = YES_AGGRESSIVE;
				CLANG_WARN_UNREACHABLE_CODE = YES;
				CLANG_WARN__DUPLICATE_METHOD_MATCH = YES;
				COPY_PHASE_STRIP = NO;
				DEBUG_INFORMATION_FORMAT = "dwarf-with-dsym";
				ENABLE_NS_ASSERTIONS = NO;
				ENABLE_STRICT_OBJC_MSGSEND = YES;
				GCC_C_LANGUAGE_STANDARD = gnu11;
				GCC_NO_COMMON_BLOCKS = YES;
				GCC_WARN_64_TO_32_BIT_CONVERSION = YES;
				GCC_WARN_ABOUT_RETURN_TYPE = YES_ERROR;
				GCC_WARN_UNDECLARED_SELECTOR = YES;
				GCC_WARN_UNINITIALIZED_AUTOS = YES_AGGRESSIVE;
				GCC_WARN_UNUSED_FUNCTION = YES;
				GCC_WARN_UNUSED_VARIABLE = YES;
				IPHONEOS_DEPLOYMENT_TARGET = 15.0;
				MTL_ENABLE_DEBUG_INFO = NO;
				MTL_FAST_MATH = YES;
				SDKROOT = iphoneos;
				SWIFT_COMPILATION_MODE = wholemodule;
				SWIFT_OPTIMIZATION_LEVEL = "-O";
				VALIDATE_PRODUCT = YES;
			};
			name = Release;
		};
		F9616A4129E2D95A00FC1616 /* Debug */ = {
			isa = XCBuildConfiguration;
			buildSettings = {
				ASSETCATALOG_COMPILER_APPICON_NAME = AppIcon;
				ASSETCATALOG_COMPILER_GLOBAL_ACCENT_COLOR_NAME = AccentColor;
				CODE_SIGN_STYLE = Automatic;
				CURRENT_PROJECT_VERSION = 1;
				DEVELOPMENT_TEAM = 4UKW9GMJPD;
				GENERATE_INFOPLIST_FILE = YES;
				INFOPLIST_FILE = GHFollowers/Info.plist;
				INFOPLIST_KEY_CFBundleDisplayName = GHFollowers;
				INFOPLIST_KEY_UIApplicationSupportsIndirectInputEvents = YES;
				INFOPLIST_KEY_UILaunchStoryboardName = LaunchScreen;
				INFOPLIST_KEY_UIMainStoryboardFile = "";
				INFOPLIST_KEY_UISupportedInterfaceOrientations = UIInterfaceOrientationPortrait;
				IPHONEOS_DEPLOYMENT_TARGET = 15.0;
				LD_RUNPATH_SEARCH_PATHS = (
					"$(inherited)",
					"@executable_path/Frameworks",
				);
				MARKETING_VERSION = 1.0;
				PRODUCT_BUNDLE_IDENTIFIER = co.jasmanarora.GHFollowers;
				PRODUCT_NAME = "$(TARGET_NAME)";
				SUPPORTED_PLATFORMS = "iphoneos iphonesimulator";
				SUPPORTS_MACCATALYST = NO;
				SUPPORTS_MAC_DESIGNED_FOR_IPHONE_IPAD = NO;
				SWIFT_EMIT_LOC_STRINGS = YES;
				SWIFT_VERSION = 5.0;
				TARGETED_DEVICE_FAMILY = 1;
			};
			name = Debug;
		};
		F9616A4229E2D95A00FC1616 /* Release */ = {
			isa = XCBuildConfiguration;
			buildSettings = {
				ASSETCATALOG_COMPILER_APPICON_NAME = AppIcon;
				ASSETCATALOG_COMPILER_GLOBAL_ACCENT_COLOR_NAME = AccentColor;
				CODE_SIGN_STYLE = Automatic;
				CURRENT_PROJECT_VERSION = 1;
				DEVELOPMENT_TEAM = 4UKW9GMJPD;
				GENERATE_INFOPLIST_FILE = YES;
				INFOPLIST_FILE = GHFollowers/Info.plist;
				INFOPLIST_KEY_CFBundleDisplayName = GHFollowers;
				INFOPLIST_KEY_UIApplicationSupportsIndirectInputEvents = YES;
				INFOPLIST_KEY_UILaunchStoryboardName = LaunchScreen;
				INFOPLIST_KEY_UIMainStoryboardFile = "";
				INFOPLIST_KEY_UISupportedInterfaceOrientations = UIInterfaceOrientationPortrait;
				IPHONEOS_DEPLOYMENT_TARGET = 15.0;
				LD_RUNPATH_SEARCH_PATHS = (
					"$(inherited)",
					"@executable_path/Frameworks",
				);
				MARKETING_VERSION = 1.0;
				PRODUCT_BUNDLE_IDENTIFIER = co.jasmanarora.GHFollowers;
				PRODUCT_NAME = "$(TARGET_NAME)";
				SUPPORTED_PLATFORMS = "iphoneos iphonesimulator";
				SUPPORTS_MACCATALYST = NO;
				SUPPORTS_MAC_DESIGNED_FOR_IPHONE_IPAD = NO;
				SWIFT_EMIT_LOC_STRINGS = YES;
				SWIFT_VERSION = 5.0;
				TARGETED_DEVICE_FAMILY = 1;
			};
			name = Release;
		};
/* End XCBuildConfiguration section */

/* Begin XCConfigurationList section */
		F9616A2729E2D95A00FC1616 /* Build configuration list for PBXProject "GHFollowers" */ = {
			isa = XCConfigurationList;
			buildConfigurations = (
				F9616A3E29E2D95A00FC1616 /* Debug */,
				F9616A3F29E2D95A00FC1616 /* Release */,
			);
			defaultConfigurationIsVisible = 0;
			defaultConfigurationName = Release;
		};
		F9616A4029E2D95A00FC1616 /* Build configuration list for PBXNativeTarget "GHFollowers" */ = {
			isa = XCConfigurationList;
			buildConfigurations = (
				F9616A4129E2D95A00FC1616 /* Debug */,
				F9616A4229E2D95A00FC1616 /* Release */,
			);
			defaultConfigurationIsVisible = 0;
			defaultConfigurationName = Release;
		};
/* End XCConfigurationList section */
	};
	rootObject = F9616A2429E2D95A00FC1616 /* Project object */;
}
